// !$*UTF8*$!
{
	archiveVersion = 1;
	classes = {
	};
	objectVersion = 46;
	objects = {

/* Begin PBXBuildFile section */
		5943DE5A1DF746B000C6D5FD /* AppDelegate.swift in Sources */ = {isa = PBXBuildFile; fileRef = 5943DE591DF746B000C6D5FD /* AppDelegate.swift */; };
		5943DE5C1DF746B000C6D5FD /* BucketListViewController.swift in Sources */ = {isa = PBXBuildFile; fileRef = 5943DE5B1DF746B000C6D5FD /* BucketListViewController.swift */; };
		5943DE5F1DF746B000C6D5FD /* Main.storyboard in Resources */ = {isa = PBXBuildFile; fileRef = 5943DE5D1DF746B000C6D5FD /* Main.storyboard */; };
		5943DE611DF746B000C6D5FD /* Assets.xcassets in Resources */ = {isa = PBXBuildFile; fileRef = 5943DE601DF746B000C6D5FD /* Assets.xcassets */; };
		5943DE641DF746B000C6D5FD /* LaunchScreen.storyboard in Resources */ = {isa = PBXBuildFile; fileRef = 5943DE621DF746B000C6D5FD /* LaunchScreen.storyboard */; };
		5943DE6C1DF761B800C6D5FD /* MissionDetailsViewController.swift in Sources */ = {isa = PBXBuildFile; fileRef = 5943DE6B1DF761B800C6D5FD /* MissionDetailsViewController.swift */; };
		5943DE6E1DF765CF00C6D5FD /* CancelButtonDelegate.swift in Sources */ = {isa = PBXBuildFile; fileRef = 5943DE6D1DF765CF00C6D5FD /* CancelButtonDelegate.swift */; };
		5943DE701DF76AAC00C6D5FD /* MissionDetailsViewControllerDelegate.swift in Sources */ = {isa = PBXBuildFile; fileRef = 5943DE6F1DF76AAC00C6D5FD /* MissionDetailsViewControllerDelegate.swift */; };
/* End PBXBuildFile section */

/* Begin PBXFileReference section */
		5943DE561DF746B000C6D5FD /* BucketList.app */ = {isa = PBXFileReference; explicitFileType = wrapper.application; includeInIndex = 0; path = BucketList.app; sourceTree = BUILT_PRODUCTS_DIR; };
		5943DE591DF746B000C6D5FD /* AppDelegate.swift */ = {isa = PBXFileReference; lastKnownFileType = sourcecode.swift; path = AppDelegate.swift; sourceTree = "<group>"; };
		5943DE5B1DF746B000C6D5FD /* BucketListViewController.swift */ = {isa = PBXFileReference; lastKnownFileType = sourcecode.swift; path = BucketListViewController.swift; sourceTree = "<group>"; };
		5943DE5E1DF746B000C6D5FD /* Base */ = {isa = PBXFileReference; lastKnownFileType = file.storyboard; name = Base; path = Base.lproj/Main.storyboard; sourceTree = "<group>"; };
		5943DE601DF746B000C6D5FD /* Assets.xcassets */ = {isa = PBXFileReference; lastKnownFileType = folder.assetcatalog; path = Assets.xcassets; sourceTree = "<group>"; };
		5943DE631DF746B000C6D5FD /* Base */ = {isa = PBXFileReference; lastKnownFileType = file.storyboard; name = Base; path = Base.lproj/LaunchScreen.storyboard; sourceTree = "<group>"; };
		5943DE651DF746B000C6D5FD /* Info.plist */ = {isa = PBXFileReference; lastKnownFileType = text.plist.xml; path = Info.plist; sourceTree = "<group>"; };
		5943DE6B1DF761B800C6D5FD /* MissionDetailsViewController.swift */ = {isa = PBXFileReference; fileEncoding = 4; lastKnownFileType = sourcecode.swift; path = MissionDetailsViewController.swift; sourceTree = "<group>"; };
		5943DE6D1DF765CF00C6D5FD /* CancelButtonDelegate.swift */ = {isa = PBXFileReference; fileEncoding = 4; lastKnownFileType = sourcecode.swift; path = CancelButtonDelegate.swift; sourceTree = "<group>"; };
		5943DE6F1DF76AAC00C6D5FD /* MissionDetailsViewControllerDelegate.swift */ = {isa = PBXFileReference; fileEncoding = 4; lastKnownFileType = sourcecode.swift; path = MissionDetailsViewControllerDelegate.swift; sourceTree = "<group>"; };
/* End PBXFileReference section */

/* Begin PBXFrameworksBuildPhase section */
		5943DE531DF746B000C6D5FD /* Frameworks */ = {
			isa = PBXFrameworksBuildPhase;
			buildActionMask = 2147483647;
			files = (
			);
			runOnlyForDeploymentPostprocessing = 0;
		};
/* End PBXFrameworksBuildPhase section */

/* Begin PBXGroup section */
		5943DE4D1DF746B000C6D5FD = {
			isa = PBXGroup;
			children = (
				5943DE581DF746B000C6D5FD /* BucketList */,
				5943DE571DF746B000C6D5FD /* Products */,
			);
			sourceTree = "<group>";
		};
		5943DE571DF746B000C6D5FD /* Products */ = {
			isa = PBXGroup;
			children = (
				5943DE561DF746B000C6D5FD /* BucketList.app */,
			);
			name = Products;
			sourceTree = "<group>";
		};
		5943DE581DF746B000C6D5FD /* BucketList */ = {
			isa = PBXGroup;
			children = (
				5943DE591DF746B000C6D5FD /* AppDelegate.swift */,
				5943DE5B1DF746B000C6D5FD /* BucketListViewController.swift */,
				5943DE5D1DF746B000C6D5FD /* Main.storyboard */,
				5943DE601DF746B000C6D5FD /* Assets.xcassets */,
				5943DE621DF746B000C6D5FD /* LaunchScreen.storyboard */,
				5943DE651DF746B000C6D5FD /* Info.plist */,
				5943DE6B1DF761B800C6D5FD /* MissionDetailsViewController.swift */,
				5943DE6D1DF765CF00C6D5FD /* CancelButtonDelegate.swift */,
				5943DE6F1DF76AAC00C6D5FD /* MissionDetailsViewControllerDelegate.swift */,
			);
			path = BucketList;
			sourceTree = "<group>";
		};
/* End PBXGroup section */

/* Begin PBXNativeTarget section */
		5943DE551DF746B000C6D5FD /* BucketList */ = {
			isa = PBXNativeTarget;
			buildConfigurationList = 5943DE681DF746B000C6D5FD /* Build configuration list for PBXNativeTarget "BucketList" */;
			buildPhases = (
				5943DE521DF746B000C6D5FD /* Sources */,
				5943DE531DF746B000C6D5FD /* Frameworks */,
				5943DE541DF746B000C6D5FD /* Resources */,
			);
			buildRules = (
			);
			dependencies = (
			);
			name = BucketList;
			productName = BucketList;
			productReference = 5943DE561DF746B000C6D5FD /* BucketList.app */;
			productType = "com.apple.product-type.application";
		};
/* End PBXNativeTarget section */

/* Begin PBXProject section */
		5943DE4E1DF746B000C6D5FD /* Project object */ = {
			isa = PBXProject;
			attributes = {
				LastSwiftUpdateCheck = 0810;
				LastUpgradeCheck = 0810;
				ORGANIZATIONNAME = "Mackenzie Wacker";
				TargetAttributes = {
					5943DE551DF746B000C6D5FD = {
						CreatedOnToolsVersion = 8.1;
						ProvisioningStyle = Automatic;
					};
				};
			};
			buildConfigurationList = 5943DE511DF746B000C6D5FD /* Build configuration list for PBXProject "BucketList" */;
			compatibilityVersion = "Xcode 3.2";
			developmentRegion = English;
			hasScannedForEncodings = 0;
			knownRegions = (
				en,
				Base,
			);
			mainGroup = 5943DE4D1DF746B000C6D5FD;
			productRefGroup = 5943DE571DF746B000C6D5FD /* Products */;
			projectDirPath = "";
			projectRoot = "";
			targets = (
				5943DE551DF746B000C6D5FD /* BucketList */,
			);
		};
/* End PBXProject section */

/* Begin PBXResourcesBuildPhase section */
		5943DE541DF746B000C6D5FD /* Resources */ = {
			isa = PBXResourcesBuildPhase;
			buildActionMask = 2147483647;
			files = (
				5943DE641DF746B000C6D5FD /* LaunchScreen.storyboard in Resources */,
				5943DE611DF746B000C6D5FD /* Assets.xcassets in Resources */,
				5943DE5F1DF746B000C6D5FD /* Main.storyboard in Resources */,
			);
			runOnlyForDeploymentPostprocessing = 0;
		};
/* End PBXResourcesBuildPhase section */

/* Begin PBXSourcesBuildPhase section */
		5943DE521DF746B000C6D5FD /* Sources */ = {
			isa = PBXSourcesBuildPhase;
			buildActionMask = 2147483647;
			files = (
				5943DE5C1DF746B000C6D5FD /* BucketListViewController.swift in Sources */,
				5943DE701DF76AAC00C6D5FD /* MissionDetailsViewControllerDelegate.swift in Sources */,
				5943DE6C1DF761B800C6D5FD /* MissionDetailsViewController.swift in Sources */,
				5943DE6E1DF765CF00C6D5FD /* CancelButtonDelegate.swift in Sources */,
				5943DE5A1DF746B000C6D5FD /* AppDelegate.swift in Sources */,
			);
			runOnlyForDeploymentPostprocessing = 0;
		};
/* End PBXSourcesBuildPhase section */

/* Begin PBXVariantGroup section */
		5943DE5D1DF746B000C6D5FD /* Main.storyboard */ = {
			isa = PBXVariantGroup;
			children = (
				5943DE5E1DF746B000C6D5FD /* Base */,
			);
			name = Main.storyboard;
			sourceTree = "<group>";
		};
		5943DE621DF746B000C6D5FD /* LaunchScreen.storyboard */ = {
			isa = PBXVariantGroup;
			children = (
				5943DE631DF746B000C6D5FD /* Base */,
			);
			name = LaunchScreen.storyboard;
			sourceTree = "<group>";
		};
/* End PBXVariantGroup section */

/* Begin XCBuildConfiguration section */
		5943DE661DF746B000C6D5FD /* Debug */ = {
			isa = XCBuildConfiguration;
			buildSettings = {
				ALWAYS_SEARCH_USER_PATHS = NO;
				CLANG_ANALYZER_NONNULL = YES;
				CLANG_CXX_LANGUAGE_STANDARD = "gnu++0x";
				CLANG_CXX_LIBRARY = "libc++";
				CLANG_ENABLE_MODULES = YES;
				CLANG_ENABLE_OBJC_ARC = YES;
				CLANG_WARN_BOOL_CONVERSION = YES;
				CLANG_WARN_CONSTANT_CONVERSION = YES;
				CLANG_WARN_DIRECT_OBJC_ISA_USAGE = YES_ERROR;
				CLANG_WARN_DOCUMENTATION_COMMENTS = YES;
				CLANG_WARN_EMPTY_BODY = YES;
				CLANG_WARN_ENUM_CONVERSION = YES;
				CLANG_WARN_INFINITE_RECURSION = YES;
				CLANG_WARN_INT_CONVERSION = YES;
				CLANG_WARN_OBJC_ROOT_CLASS = YES_ERROR;
				CLANG_WARN_SUSPICIOUS_MOVES = YES;
				CLANG_WARN_UNREACHABLE_CODE = YES;
				CLANG_WARN__DUPLICATE_METHOD_MATCH = YES;
				"CODE_SIGN_IDENTITY[sdk=iphoneos*]" = "iPhone Developer";
				COPY_PHASE_STRIP = NO;
				DEBUG_INFORMATION_FORMAT = dwarf;
				ENABLE_STRICT_OBJC_MSGSEND = YES;
				ENABLE_TESTABILITY = YES;
				GCC_C_LANGUAGE_STANDARD = gnu99;
				GCC_DYNAMIC_NO_PIC = NO;
				GCC_NO_COMMON_BLOCKS = YES;
				GCC_OPTIMIZATION_LEVEL = 0;
				GCC_PREPROCESSOR_DEFINITIONS = (
					"DEBUG=1",
					"$(inherited)",
				);
				GCC_WARN_64_TO_32_BIT_CONVERSION = YES;
				GCC_WARN_ABOUT_RETURN_TYPE = YES_ERROR;
				GCC_WARN_UNDECLARED_SELECTOR = YES;
				GCC_WARN_UNINITIALIZED_AUTOS = YES_AGGRESSIVE;
				GCC_WARN_UNUSED_FUNCTION = YES;
				GCC_WARN_UNUSED_VARIABLE = YES;
				IPHONEOS_DEPLOYMENT_TARGET = 10.1;
				MTL_ENABLE_DEBUG_INFO = YES;
				ONLY_ACTIVE_ARCH = YES;
				SDKROOT = iphoneos;
				SWIFT_ACTIVE_COMPILATION_CONDITIONS = DEBUG;
				SWIFT_OPTIMIZATION_LEVEL = "-Onone";
				TARGETED_DEVICE_FAMILY = "1,2";
			};
			name = Debug;
		};
		5943DE671DF746B000C6D5FD /* Release */ = {
			isa = XCBuildConfiguration;
			buildSettings = {
				ALWAYS_SEARCH_USER_PATHS = NO;
				CLANG_ANALYZER_NONNULL = YES;
				CLANG_CXX_LANGUAGE_STANDARD = "gnu++0x";
				CLANG_CXX_LIBRARY = "libc++";
				CLANG_ENABLE_MODULES = YES;
				CLANG_ENABLE_OBJC_ARC = YES;
				CLANG_WARN_BOOL_CONVERSION = YES;
				CLANG_WARN_CONSTANT_CONVERSION = YES;
				CLANG_WARN_DIRECT_OBJC_ISA_USAGE = YES_ERROR;
				CLANG_WARN_DOCUMENTATION_COMMENTS = YES;
				CLANG_WARN_EMPTY_BODY = YES;
				CLANG_WARN_ENUM_CONVERSION = YES;
				CLANG_WARN_INFINITE_RECURSION = YES;
				CLANG_WARN_INT_CONVERSION = YES;
				CLANG_WARN_OBJC_ROOT_CLASS = YES_ERROR;
				CLANG_WARN_SUSPICIOUS_MOVES = YES;
				CLANG_WARN_UNREACHABLE_CODE = YES;
				CLANG_WARN__DUPLICATE_METHOD_MATCH = YES;
				"CODE_SIGN_IDENTITY[sdk=iphoneos*]" = "iPhone Developer";
				COPY_PHASE_STRIP = NO;
				DEBUG_INFORMATION_FORMAT = "dwarf-with-dsym";
				ENABLE_NS_ASSERTIONS = NO;
				ENABLE_STRICT_OBJC_MSGSEND = YES;
				GCC_C_LANGUAGE_STANDARD = gnu99;
				GCC_NO_COMMON_BLOCKS = YES;
				GCC_WARN_64_TO_32_BIT_CONVERSION = YES;
				GCC_WARN_ABOUT_RETURN_TYPE = YES_ERROR;
				GCC_WARN_UNDECLARED_SELECTOR = YES;
				GCC_WARN_UNINITIALIZED_AUTOS = YES_AGGRESSIVE;
				GCC_WARN_UNUSED_FUNCTION = YES;
				GCC_WARN_UNUSED_VARIABLE = YES;
				IPHONEOS_DEPLOYMENT_TARGET = 10.1;
				MTL_ENABLE_DEBUG_INFO = NO;
				SDKROOT = iphoneos;
				SWIFT_OPTIMIZATION_LEVEL = "-Owholemodule";
				TARGETED_DEVICE_FAMILY = "1,2";
				VALIDATE_PRODUCT = YES;
			};
			name = Release;
		};
		5943DE691DF746B000C6D5FD /* Debug */ = {
			isa = XCBuildConfiguration;
			buildSettings = {
				ASSETCATALOG_COMPILER_APPICON_NAME = AppIcon;
				INFOPLIST_FILE = BucketList/Info.plist;
				LD_RUNPATH_SEARCH_PATHS = "$(inherited) @executable_path/Frameworks";
				PRODUCT_BUNDLE_IDENTIFIER = com.codingdojo.BucketList;
				PRODUCT_NAME = "$(TARGET_NAME)";
				SWIFT_VERSION = 2.3;
			};
			name = Debug;
		};
		5943DE6A1DF746B000C6D5FD /* Release */ = {
			isa = XCBuildConfiguration;
			buildSettings = {
				ASSETCATALOG_COMPILER_APPICON_NAME = AppIcon;
				INFOPLIST_FILE = BucketList/Info.plist;
				LD_RUNPATH_SEARCH_PATHS = "$(inherited) @executable_path/Frameworks";
				PRODUCT_BUNDLE_IDENTIFIER = com.codingdojo.BucketList;
				PRODUCT_NAME = "$(TARGET_NAME)";
				SWIFT_VERSION = 2.3;
			};
			name = Release;
		};
/* End XCBuildConfiguration section */

/* Begin XCConfigurationList section */
		5943DE511DF746B000C6D5FD /* Build configuration list for PBXProject "BucketList" */ = {
			isa = XCConfigurationList;
			buildConfigurations = (
				5943DE661DF746B000C6D5FD /* Debug */,
				5943DE671DF746B000C6D5FD /* Release */,
			);
			defaultConfigurationIsVisible = 0;
			defaultConfigurationName = Release;
		};
		5943DE681DF746B000C6D5FD /* Build configuration list for PBXNativeTarget "BucketList" */ = {
			isa = XCConfigurationList;
			buildConfigurations = (
				5943DE691DF746B000C6D5FD /* Debug */,
				5943DE6A1DF746B000C6D5FD /* Release */,
			);
			defaultConfigurationIsVisible = 0;
		};
/* End XCConfigurationList section */
	};
	rootObject = 5943DE4E1DF746B000C6D5FD /* Project object */;
}
